// !$*UTF8*$!
{
	archiveVersion = 1;
	classes = {
	};
	objectVersion = 55;
	objects = {

/* Begin PBXBuildFile section */
		8B0F9F0C27B866AC00B77B80 /* lOKAApp.swift in Sources */ = {isa = PBXBuildFile; fileRef = 8B0F9F0B27B866AC00B77B80 /* lOKAApp.swift */; };
		8B0F9F0E27B866AC00B77B80 /* ContentView.swift in Sources */ = {isa = PBXBuildFile; fileRef = 8B0F9F0D27B866AC00B77B80 /* ContentView.swift */; };
		8B0F9F1027B866AF00B77B80 /* Assets.xcassets in Resources */ = {isa = PBXBuildFile; fileRef = 8B0F9F0F27B866AF00B77B80 /* Assets.xcassets */; };
		8B0F9F1327B866AF00B77B80 /* Preview Assets.xcassets in Resources */ = {isa = PBXBuildFile; fileRef = 8B0F9F1227B866AF00B77B80 /* Preview Assets.xcassets */; };
		8B0F9F1D27B866AF00B77B80 /* lOKATests.swift in Sources */ = {isa = PBXBuildFile; fileRef = 8B0F9F1C27B866AF00B77B80 /* lOKATests.swift */; };
		8B0F9F2727B866AF00B77B80 /* lOKAUITests.swift in Sources */ = {isa = PBXBuildFile; fileRef = 8B0F9F2627B866AF00B77B80 /* lOKAUITests.swift */; };
		8B0F9F2927B866AF00B77B80 /* lOKAUITestsLaunchTests.swift in Sources */ = {isa = PBXBuildFile; fileRef = 8B0F9F2827B866AF00B77B80 /* lOKAUITestsLaunchTests.swift */; };
		8B0F9F4227B8784000B77B80 /* H4HLogo.swift in Sources */ = {isa = PBXBuildFile; fileRef = 8B0F9F4127B8784000B77B80 /* H4HLogo.swift */; };
		8B0F9F4727B8821100B77B80 /* SplashScreen.swift in Sources */ = {isa = PBXBuildFile; fileRef = 8B0F9F4627B8821100B77B80 /* SplashScreen.swift */; };
		8B0F9F4927B8857900B77B80 /* HomeView.swift in Sources */ = {isa = PBXBuildFile; fileRef = 8B0F9F4827B8857900B77B80 /* HomeView.swift */; };
		8B0F9F4D27B88F1700B77B80 /* ReportView.swift in Sources */ = {isa = PBXBuildFile; fileRef = 8B0F9F4C27B88F1700B77B80 /* ReportView.swift */; };
		8BAC23E627B8C8EA00051914 /* MapView.swift in Sources */ = {isa = PBXBuildFile; fileRef = 8BAC23E527B8C8EA00051914 /* MapView.swift */; };
		8BAC23EC27B8E2B200051914 /* ThankView.swift in Sources */ = {isa = PBXBuildFile; fileRef = 8BAC23EB27B8E2B200051914 /* ThankView.swift */; };
/* End PBXBuildFile section */

/* Begin PBXContainerItemProxy section */
		8B0F9F1927B866AF00B77B80 /* PBXContainerItemProxy */ = {
			isa = PBXContainerItemProxy;
			containerPortal = 8B0F9F0027B866AC00B77B80 /* Project object */;
			proxyType = 1;
			remoteGlobalIDString = 8B0F9F0727B866AC00B77B80;
			remoteInfo = lOKA;
		};
		8B0F9F2327B866AF00B77B80 /* PBXContainerItemProxy */ = {
			isa = PBXContainerItemProxy;
			containerPortal = 8B0F9F0027B866AC00B77B80 /* Project object */;
			proxyType = 1;
			remoteGlobalIDString = 8B0F9F0727B866AC00B77B80;
			remoteInfo = lOKA;
		};
/* End PBXContainerItemProxy section */

/* Begin PBXFileReference section */
		8B0F9F0827B866AC00B77B80 /* lOKA.app */ = {isa = PBXFileReference; explicitFileType = wrapper.application; includeInIndex = 0; path = lOKA.app; sourceTree = BUILT_PRODUCTS_DIR; };
		8B0F9F0B27B866AC00B77B80 /* lOKAApp.swift */ = {isa = PBXFileReference; lastKnownFileType = sourcecode.swift; path = lOKAApp.swift; sourceTree = "<group>"; };
		8B0F9F0D27B866AC00B77B80 /* ContentView.swift */ = {isa = PBXFileReference; lastKnownFileType = sourcecode.swift; path = ContentView.swift; sourceTree = "<group>"; };
		8B0F9F0F27B866AF00B77B80 /* Assets.xcassets */ = {isa = PBXFileReference; lastKnownFileType = folder.assetcatalog; path = Assets.xcassets; sourceTree = "<group>"; };
		8B0F9F1227B866AF00B77B80 /* Preview Assets.xcassets */ = {isa = PBXFileReference; lastKnownFileType = folder.assetcatalog; path = "Preview Assets.xcassets"; sourceTree = "<group>"; };
		8B0F9F1827B866AF00B77B80 /* lOKATests.xctest */ = {isa = PBXFileReference; explicitFileType = wrapper.cfbundle; includeInIndex = 0; path = lOKATests.xctest; sourceTree = BUILT_PRODUCTS_DIR; };
		8B0F9F1C27B866AF00B77B80 /* lOKATests.swift */ = {isa = PBXFileReference; lastKnownFileType = sourcecode.swift; path = lOKATests.swift; sourceTree = "<group>"; };
		8B0F9F2227B866AF00B77B80 /* lOKAUITests.xctest */ = {isa = PBXFileReference; explicitFileType = wrapper.cfbundle; includeInIndex = 0; path = lOKAUITests.xctest; sourceTree = BUILT_PRODUCTS_DIR; };
		8B0F9F2627B866AF00B77B80 /* lOKAUITests.swift */ = {isa = PBXFileReference; lastKnownFileType = sourcecode.swift; path = lOKAUITests.swift; sourceTree = "<group>"; };
		8B0F9F2827B866AF00B77B80 /* lOKAUITestsLaunchTests.swift */ = {isa = PBXFileReference; lastKnownFileType = sourcecode.swift; path = lOKAUITestsLaunchTests.swift; sourceTree = "<group>"; };
		8B0F9F4127B8784000B77B80 /* H4HLogo.swift */ = {isa = PBXFileReference; lastKnownFileType = sourcecode.swift; path = H4HLogo.swift; sourceTree = "<group>"; };
		8B0F9F4627B8821100B77B80 /* SplashScreen.swift */ = {isa = PBXFileReference; lastKnownFileType = sourcecode.swift; path = SplashScreen.swift; sourceTree = "<group>"; };
		8B0F9F4827B8857900B77B80 /* HomeView.swift */ = {isa = PBXFileReference; lastKnownFileType = sourcecode.swift; path = HomeView.swift; sourceTree = "<group>"; };
		8B0F9F4C27B88F1700B77B80 /* ReportView.swift */ = {isa = PBXFileReference; lastKnownFileType = sourcecode.swift; path = ReportView.swift; sourceTree = "<group>"; };
		8BAC23E527B8C8EA00051914 /* MapView.swift */ = {isa = PBXFileReference; lastKnownFileType = sourcecode.swift; path = MapView.swift; sourceTree = "<group>"; };
		8BAC23EB27B8E2B200051914 /* ThankView.swift */ = {isa = PBXFileReference; lastKnownFileType = sourcecode.swift; path = ThankView.swift; sourceTree = "<group>"; };
/* End PBXFileReference section */

/* Begin PBXFrameworksBuildPhase section */
		8B0F9F0527B866AC00B77B80 /* Frameworks */ = {
			isa = PBXFrameworksBuildPhase;
			buildActionMask = 2147483647;
			files = (
			);
			runOnlyForDeploymentPostprocessing = 0;
		};
		8B0F9F1527B866AF00B77B80 /* Frameworks */ = {
			isa = PBXFrameworksBuildPhase;
			buildActionMask = 2147483647;
			files = (
			);
			runOnlyForDeploymentPostprocessing = 0;
		};
		8B0F9F1F27B866AF00B77B80 /* Frameworks */ = {
			isa = PBXFrameworksBuildPhase;
			buildActionMask = 2147483647;
			files = (
			);
			runOnlyForDeploymentPostprocessing = 0;
		};
/* End PBXFrameworksBuildPhase section */

/* Begin PBXGroup section */
		8B0F9EFF27B866AC00B77B80 = {
			isa = PBXGroup;
			children = (
				8B0F9F0A27B866AC00B77B80 /* lOKA */,
				8B0F9F1B27B866AF00B77B80 /* lOKATests */,
				8B0F9F2527B866AF00B77B80 /* lOKAUITests */,
				8B0F9F0927B866AC00B77B80 /* Products */,
			);
			sourceTree = "<group>";
		};
		8B0F9F0927B866AC00B77B80 /* Products */ = {
			isa = PBXGroup;
			children = (
				8B0F9F0827B866AC00B77B80 /* lOKA.app */,
				8B0F9F1827B866AF00B77B80 /* lOKATests.xctest */,
				8B0F9F2227B866AF00B77B80 /* lOKAUITests.xctest */,
			);
			name = Products;
			sourceTree = "<group>";
		};
		8B0F9F0A27B866AC00B77B80 /* lOKA */ = {
			isa = PBXGroup;
			children = (
				8B0F9F4527B881E000B77B80 /* View */,
				8B0F9F0B27B866AC00B77B80 /* lOKAApp.swift */,
				8B0F9F4127B8784000B77B80 /* H4HLogo.swift */,
				8B0F9F0D27B866AC00B77B80 /* ContentView.swift */,
				8B0F9F0F27B866AF00B77B80 /* Assets.xcassets */,
				8B0F9F1127B866AF00B77B80 /* Preview Content */,
			);
			path = lOKA;
			sourceTree = "<group>";
		};
		8B0F9F1127B866AF00B77B80 /* Preview Content */ = {
			isa = PBXGroup;
			children = (
				8B0F9F1227B866AF00B77B80 /* Preview Assets.xcassets */,
			);
			path = "Preview Content";
			sourceTree = "<group>";
		};
		8B0F9F1B27B866AF00B77B80 /* lOKATests */ = {
			isa = PBXGroup;
			children = (
				8B0F9F1C27B866AF00B77B80 /* lOKATests.swift */,
			);
			path = lOKATests;
			sourceTree = "<group>";
		};
		8B0F9F2527B866AF00B77B80 /* lOKAUITests */ = {
			isa = PBXGroup;
			children = (
				8B0F9F2627B866AF00B77B80 /* lOKAUITests.swift */,
				8B0F9F2827B866AF00B77B80 /* lOKAUITestsLaunchTests.swift */,
			);
			path = lOKAUITests;
			sourceTree = "<group>";
		};
		8B0F9F4527B881E000B77B80 /* View */ = {
			isa = PBXGroup;
			children = (
				8B0F9F4627B8821100B77B80 /* SplashScreen.swift */,
				8B0F9F4827B8857900B77B80 /* HomeView.swift */,
				8BAC23E527B8C8EA00051914 /* MapView.swift */,
				8B0F9F4C27B88F1700B77B80 /* ReportView.swift */,
				8BAC23EB27B8E2B200051914 /* ThankView.swift */,
			);
			path = View;
			sourceTree = "<group>";
		};
/* End PBXGroup section */

/* Begin PBXNativeTarget section */
		8B0F9F0727B866AC00B77B80 /* lOKA */ = {
			isa = PBXNativeTarget;
			buildConfigurationList = 8B0F9F2C27B866AF00B77B80 /* Build configuration list for PBXNativeTarget "lOKA" */;
			buildPhases = (
				8B0F9F0427B866AC00B77B80 /* Sources */,
				8B0F9F0527B866AC00B77B80 /* Frameworks */,
				8B0F9F0627B866AC00B77B80 /* Resources */,
			);
			buildRules = (
			);
			dependencies = (
			);
			name = lOKA;
			productName = lOKA;
			productReference = 8B0F9F0827B866AC00B77B80 /* lOKA.app */;
			productType = "com.apple.product-type.application";
		};
		8B0F9F1727B866AF00B77B80 /* lOKATests */ = {
			isa = PBXNativeTarget;
			buildConfigurationList = 8B0F9F2F27B866AF00B77B80 /* Build configuration list for PBXNativeTarget "lOKATests" */;
			buildPhases = (
				8B0F9F1427B866AF00B77B80 /* Sources */,
				8B0F9F1527B866AF00B77B80 /* Frameworks */,
				8B0F9F1627B866AF00B77B80 /* Resources */,
			);
			buildRules = (
			);
			dependencies = (
				8B0F9F1A27B866AF00B77B80 /* PBXTargetDependency */,
			);
			name = lOKATests;
			productName = lOKATests;
			productReference = 8B0F9F1827B866AF00B77B80 /* lOKATests.xctest */;
			productType = "com.apple.product-type.bundle.unit-test";
		};
		8B0F9F2127B866AF00B77B80 /* lOKAUITests */ = {
			isa = PBXNativeTarget;
			buildConfigurationList = 8B0F9F3227B866AF00B77B80 /* Build configuration list for PBXNativeTarget "lOKAUITests" */;
			buildPhases = (
				8B0F9F1E27B866AF00B77B80 /* Sources */,
				8B0F9F1F27B866AF00B77B80 /* Frameworks */,
				8B0F9F2027B866AF00B77B80 /* Resources */,
			);
			buildRules = (
			);
			dependencies = (
				8B0F9F2427B866AF00B77B80 /* PBXTargetDependency */,
			);
			name = lOKAUITests;
			productName = lOKAUITests;
			productReference = 8B0F9F2227B866AF00B77B80 /* lOKAUITests.xctest */;
			productType = "com.apple.product-type.bundle.ui-testing";
		};
/* End PBXNativeTarget section */

/* Begin PBXProject section */
		8B0F9F0027B866AC00B77B80 /* Project object */ = {
			isa = PBXProject;
			attributes = {
				BuildIndependentTargetsInParallel = 1;
				LastSwiftUpdateCheck = 1320;
				LastUpgradeCheck = 1320;
				TargetAttributes = {
					8B0F9F0727B866AC00B77B80 = {
						CreatedOnToolsVersion = 13.2.1;
					};
					8B0F9F1727B866AF00B77B80 = {
						CreatedOnToolsVersion = 13.2.1;
						TestTargetID = 8B0F9F0727B866AC00B77B80;
					};
					8B0F9F2127B866AF00B77B80 = {
						CreatedOnToolsVersion = 13.2.1;
						TestTargetID = 8B0F9F0727B866AC00B77B80;
					};
				};
			};
			buildConfigurationList = 8B0F9F0327B866AC00B77B80 /* Build configuration list for PBXProject "lOKA" */;
			compatibilityVersion = "Xcode 13.0";
			developmentRegion = en;
			hasScannedForEncodings = 0;
			knownRegions = (
				en,
				Base,
			);
			mainGroup = 8B0F9EFF27B866AC00B77B80;
			productRefGroup = 8B0F9F0927B866AC00B77B80 /* Products */;
			projectDirPath = "";
			projectRoot = "";
			targets = (
				8B0F9F0727B866AC00B77B80 /* lOKA */,
				8B0F9F1727B866AF00B77B80 /* lOKATests */,
				8B0F9F2127B866AF00B77B80 /* lOKAUITests */,
			);
		};
/* End PBXProject section */

/* Begin PBXResourcesBuildPhase section */
		8B0F9F0627B866AC00B77B80 /* Resources */ = {
			isa = PBXResourcesBuildPhase;
			buildActionMask = 2147483647;
			files = (
				8B0F9F1327B866AF00B77B80 /* Preview Assets.xcassets in Resources */,
				8B0F9F1027B866AF00B77B80 /* Assets.xcassets in Resources */,
			);
			runOnlyForDeploymentPostprocessing = 0;
		};
		8B0F9F1627B866AF00B77B80 /* Resources */ = {
			isa = PBXResourcesBuildPhase;
			buildActionMask = 2147483647;
			files = (
			);
			runOnlyForDeploymentPostprocessing = 0;
		};
		8B0F9F2027B866AF00B77B80 /* Resources */ = {
			isa = PBXResourcesBuildPhase;
			buildActionMask = 2147483647;
			files = (
			);
			runOnlyForDeploymentPostprocessing = 0;
		};
/* End PBXResourcesBuildPhase section */

/* Begin PBXSourcesBuildPhase section */
		8B0F9F0427B866AC00B77B80 /* Sources */ = {
			isa = PBXSourcesBuildPhase;
			buildActionMask = 2147483647;
			files = (
				8BAC23E627B8C8EA00051914 /* MapView.swift in Sources */,
				8B0F9F4727B8821100B77B80 /* SplashScreen.swift in Sources */,
				8B0F9F4227B8784000B77B80 /* H4HLogo.swift in Sources */,
				8BAC23EC27B8E2B200051914 /* ThankView.swift in Sources */,
				8B0F9F0E27B866AC00B77B80 /* ContentView.swift in Sources */,
				8B0F9F4D27B88F1700B77B80 /* ReportView.swift in Sources */,
				8B0F9F4927B8857900B77B80 /* HomeView.swift in Sources */,
				8B0F9F0C27B866AC00B77B80 /* lOKAApp.swift in Sources */,
			);
			runOnlyForDeploymentPostprocessing = 0;
		};
		8B0F9F1427B866AF00B77B80 /* Sources */ = {
			isa = PBXSourcesBuildPhase;
			buildActionMask = 2147483647;
			files = (
				8B0F9F1D27B866AF00B77B80 /* lOKATests.swift in Sources */,
			);
			runOnlyForDeploymentPostprocessing = 0;
		};
		8B0F9F1E27B866AF00B77B80 /* Sources */ = {
			isa = PBXSourcesBuildPhase;
			buildActionMask = 2147483647;
			files = (
				8B0F9F2727B866AF00B77B80 /* lOKAUITests.swift in Sources */,
				8B0F9F2927B866AF00B77B80 /* lOKAUITestsLaunchTests.swift in Sources */,
			);
			runOnlyForDeploymentPostprocessing = 0;
		};
/* End PBXSourcesBuildPhase section */

/* Begin PBXTargetDependency section */
		8B0F9F1A27B866AF00B77B80 /* PBXTargetDependency */ = {
			isa = PBXTargetDependency;
			target = 8B0F9F0727B866AC00B77B80 /* lOKA */;
			targetProxy = 8B0F9F1927B866AF00B77B80 /* PBXContainerItemProxy */;
		};
		8B0F9F2427B866AF00B77B80 /* PBXTargetDependency */ = {
			isa = PBXTargetDependency;
			target = 8B0F9F0727B866AC00B77B80 /* lOKA */;
			targetProxy = 8B0F9F2327B866AF00B77B80 /* PBXContainerItemProxy */;
		};
/* End PBXTargetDependency section */

/* Begin XCBuildConfiguration section */
		8B0F9F2A27B866AF00B77B80 /* Debug */ = {
			isa = XCBuildConfiguration;
			buildSettings = {
				ALWAYS_SEARCH_USER_PATHS = NO;
				CLANG_ANALYZER_NONNULL = YES;
				CLANG_ANALYZER_NUMBER_OBJECT_CONVERSION = YES_AGGRESSIVE;
				CLANG_CXX_LANGUAGE_STANDARD = "gnu++17";
				CLANG_CXX_LIBRARY = "libc++";
				CLANG_ENABLE_MODULES = YES;
				CLANG_ENABLE_OBJC_ARC = YES;
				CLANG_ENABLE_OBJC_WEAK = YES;
				CLANG_WARN_BLOCK_CAPTURE_AUTORELEASING = YES;
				CLANG_WARN_BOOL_CONVERSION = YES;
				CLANG_WARN_COMMA = YES;
				CLANG_WARN_CONSTANT_CONVERSION = YES;
				CLANG_WARN_DEPRECATED_OBJC_IMPLEMENTATIONS = YES;
				CLANG_WARN_DIRECT_OBJC_ISA_USAGE = YES_ERROR;
				CLANG_WARN_DOCUMENTATION_COMMENTS = YES;
				CLANG_WARN_EMPTY_BODY = YES;
				CLANG_WARN_ENUM_CONVERSION = YES;
				CLANG_WARN_INFINITE_RECURSION = YES;
				CLANG_WARN_INT_CONVERSION = YES;
				CLANG_WARN_NON_LITERAL_NULL_CONVERSION = YES;
				CLANG_WARN_OBJC_IMPLICIT_RETAIN_SELF = YES;
				CLANG_WARN_OBJC_LITERAL_CONVERSION = YES;
				CLANG_WARN_OBJC_ROOT_CLASS = YES_ERROR;
				CLANG_WARN_QUOTED_INCLUDE_IN_FRAMEWORK_HEADER = YES;
				CLANG_WARN_RANGE_LOOP_ANALYSIS = YES;
				CLANG_WARN_STRICT_PROTOTYPES = YES;
				CLANG_WARN_SUSPICIOUS_MOVE = YES;
				CLANG_WARN_UNGUARDED_AVAILABILITY = YES_AGGRESSIVE;
				CLANG_WARN_UNREACHABLE_CODE = YES;
				CLANG_WARN__DUPLICATE_METHOD_MATCH = YES;
				COPY_PHASE_STRIP = NO;
				DEBUG_INFORMATION_FORMAT = dwarf;
				ENABLE_STRICT_OBJC_MSGSEND = YES;
				ENABLE_TESTABILITY = YES;
				GCC_C_LANGUAGE_STANDARD = gnu11;
				GCC_DYNAMIC_NO_PIC = NO;
				GCC_NO_COMMON_BLOCKS = YES;
				GCC_OPTIMIZATION_LEVEL = 0;
				GCC_PREPROCESSOR_DEFINITIONS = (
					"DEBUG=1",
					"$(inherited)",
				);
				GCC_WARN_64_TO_32_BIT_CONVERSION = YES;
				GCC_WARN_ABOUT_RETURN_TYPE = YES_ERROR;
				GCC_WARN_UNDECLARED_SELECTOR = YES;
				GCC_WARN_UNINITIALIZED_AUTOS = YES_AGGRESSIVE;
				GCC_WARN_UNUSED_FUNCTION = YES;
				GCC_WARN_UNUSED_VARIABLE = YES;
				IPHONEOS_DEPLOYMENT_TARGET = 15.2;
				MTL_ENABLE_DEBUG_INFO = INCLUDE_SOURCE;
				MTL_FAST_MATH = YES;
				ONLY_ACTIVE_ARCH = YES;
				SDKROOT = iphoneos;
				SWIFT_ACTIVE_COMPILATION_CONDITIONS = DEBUG;
				SWIFT_OPTIMIZATION_LEVEL = "-Onone";
			};
			name = Debug;
		};
		8B0F9F2B27B866AF00B77B80 /* Release */ = {
			isa = XCBuildConfiguration;
			buildSettings = {
				ALWAYS_SEARCH_USER_PATHS = NO;
				CLANG_ANALYZER_NONNULL = YES;
				CLANG_ANALYZER_NUMBER_OBJECT_CONVERSION = YES_AGGRESSIVE;
				CLANG_CXX_LANGUAGE_STANDARD = "gnu++17";
				CLANG_CXX_LIBRARY = "libc++";
				CLANG_ENABLE_MODULES = YES;
				CLANG_ENABLE_OBJC_ARC = YES;
				CLANG_ENABLE_OBJC_WEAK = YES;
				CLANG_WARN_BLOCK_CAPTURE_AUTORELEASING = YES;
				CLANG_WARN_BOOL_CONVERSION = YES;
				CLANG_WARN_COMMA = YES;
				CLANG_WARN_CONSTANT_CONVERSION = YES;
				CLANG_WARN_DEPRECATED_OBJC_IMPLEMENTATIONS = YES;
				CLANG_WARN_DIRECT_OBJC_ISA_USAGE = YES_ERROR;
				CLANG_WARN_DOCUMENTATION_COMMENTS = YES;
				CLANG_WARN_EMPTY_BODY = YES;
				CLANG_WARN_ENUM_CONVERSION = YES;
				CLANG_WARN_INFINITE_RECURSION = YES;
				CLANG_WARN_INT_CONVERSION = YES;
				CLANG_WARN_NON_LITERAL_NULL_CONVERSION = YES;
				CLANG_WARN_OBJC_IMPLICIT_RETAIN_SELF = YES;
				CLANG_WARN_OBJC_LITERAL_CONVERSION = YES;
				CLANG_WARN_OBJC_ROOT_CLASS = YES_ERROR;
				CLANG_WARN_QUOTED_INCLUDE_IN_FRAMEWORK_HEADER = YES;
				CLANG_WARN_RANGE_LOOP_ANALYSIS = YES;
				CLANG_WARN_STRICT_PROTOTYPES = YES;
				CLANG_WARN_SUSPICIOUS_MOVE = YES;
				CLANG_WARN_UNGUARDED_AVAILABILITY = YES_AGGRESSIVE;
				CLANG_WARN_UNREACHABLE_CODE = YES;
				CLANG_WARN__DUPLICATE_METHOD_MATCH = YES;
				COPY_PHASE_STRIP = NO;
				DEBUG_INFORMATION_FORMAT = "dwarf-with-dsym";
				ENABLE_NS_ASSERTIONS = NO;
				ENABLE_STRICT_OBJC_MSGSEND = YES;
				GCC_C_LANGUAGE_STANDARD = gnu11;
				GCC_NO_COMMON_BLOCKS = YES;
				GCC_WARN_64_TO_32_BIT_CONVERSION = YES;
				GCC_WARN_ABOUT_RETURN_TYPE = YES_ERROR;
				GCC_WARN_UNDECLARED_SELECTOR = YES;
				GCC_WARN_UNINITIALIZED_AUTOS = YES_AGGRESSIVE;
				GCC_WARN_UNUSED_FUNCTION = YES;
				GCC_WARN_UNUSED_VARIABLE = YES;
				IPHONEOS_DEPLOYMENT_TARGET = 15.2;
				MTL_ENABLE_DEBUG_INFO = NO;
				MTL_FAST_MATH = YES;
				SDKROOT = iphoneos;
				SWIFT_COMPILATION_MODE = wholemodule;
				SWIFT_OPTIMIZATION_LEVEL = "-O";
				VALIDATE_PRODUCT = YES;
			};
			name = Release;
		};
		8B0F9F2D27B866AF00B77B80 /* Debug */ = {
			isa = XCBuildConfiguration;
			buildSettings = {
				ASSETCATALOG_COMPILER_APPICON_NAME = AppIcon;
				ASSETCATALOG_COMPILER_GLOBAL_ACCENT_COLOR_NAME = AccentColor;
				CODE_SIGN_STYLE = Automatic;
				CURRENT_PROJECT_VERSION = 1;
				DEVELOPMENT_ASSET_PATHS = "\"lOKA/Preview Content\"";
				ENABLE_PREVIEWS = YES;
				GENERATE_INFOPLIST_FILE = YES;
				INFOPLIST_KEY_UIApplicationSceneManifest_Generation = YES;
				INFOPLIST_KEY_UIApplicationSupportsIndirectInputEvents = YES;
				INFOPLIST_KEY_UILaunchScreen_Generation = YES;
				INFOPLIST_KEY_UISupportedInterfaceOrientations_iPad = "UIInterfaceOrientationPortrait UIInterfaceOrientationPortraitUpsideDown UIInterfaceOrientationLandscapeLeft UIInterfaceOrientationLandscapeRight";
				INFOPLIST_KEY_UISupportedInterfaceOrientations_iPhone = "UIInterfaceOrientationPortrait UIInterfaceOrientationLandscapeLeft UIInterfaceOrientationLandscapeRight";
				LD_RUNPATH_SEARCH_PATHS = (
					"$(inherited)",
					"@executable_path/Frameworks",
				);
				MARKETING_VERSION = 1.0;
				PRODUCT_BUNDLE_IDENTIFIER = com.hi.lOKA;
				PRODUCT_NAME = "$(TARGET_NAME)";
				SWIFT_EMIT_LOC_STRINGS = YES;
				SWIFT_VERSION = 5.0;
				TARGETED_DEVICE_FAMILY = "1,2";
			};
			name = Debug;
		};
		8B0F9F2E27B866AF00B77B80 /* Release */ = {
			isa = XCBuildConfiguration;
			buildSettings = {
				ASSETCATALOG_COMPILER_APPICON_NAME = AppIcon;
				ASSETCATALOG_COMPILER_GLOBAL_ACCENT_COLOR_NAME = AccentColor;
				CODE_SIGN_STYLE = Automatic;
				CURRENT_PROJECT_VERSION = 1;
				DEVELOPMENT_ASSET_PATHS = "\"lOKA/Preview Content\"";
				ENABLE_PREVIEWS = YES;
				GENERATE_INFOPLIST_FILE = YES;
				INFOPLIST_KEY_UIApplicationSceneManifest_Generation = YES;
				INFOPLIST_KEY_UIApplicationSupportsIndirectInputEvents = YES;
				INFOPLIST_KEY_UILaunchScreen_Generation = YES;
				INFOPLIST_KEY_UISupportedInterfaceOrientations_iPad = "UIInterfaceOrientationPortrait UIInterfaceOrientationPortraitUpsideDown UIInterfaceOrientationLandscapeLeft UIInterfaceOrientationLandscapeRight";
				INFOPLIST_KEY_UISupportedInterfaceOrientations_iPhone = "UIInterfaceOrientationPortrait UIInterfaceOrientationLandscapeLeft UIInterfaceOrientationLandscapeRight";
				LD_RUNPATH_SEARCH_PATHS = (
					"$(inherited)",
					"@executable_path/Frameworks",
				);
				MARKETING_VERSION = 1.0;
				PRODUCT_BUNDLE_IDENTIFIER = com.hi.lOKA;
				PRODUCT_NAME = "$(TARGET_NAME)";
				SWIFT_EMIT_LOC_STRINGS = YES;
				SWIFT_VERSION = 5.0;
				TARGETED_DEVICE_FAMILY = "1,2";
			};
			name = Release;
		};
		8B0F9F3027B866AF00B77B80 /* Debug */ = {
			isa = XCBuildConfiguration;
			buildSettings = {
				ALWAYS_EMBED_SWIFT_STANDARD_LIBRARIES = YES;
				BUNDLE_LOADER = "$(TEST_HOST)";
				CODE_SIGN_STYLE = Automatic;
				CURRENT_PROJECT_VERSION = 1;
				GENERATE_INFOPLIST_FILE = YES;
				IPHONEOS_DEPLOYMENT_TARGET = 15.2;
				MARKETING_VERSION = 1.0;
				PRODUCT_BUNDLE_IDENTIFIER = com.hi.lOKATests;
				PRODUCT_NAME = "$(TARGET_NAME)";
				SWIFT_EMIT_LOC_STRINGS = NO;
				SWIFT_VERSION = 5.0;
				TARGETED_DEVICE_FAMILY = "1,2";
				TEST_HOST = "$(BUILT_PRODUCTS_DIR)/lOKA.app/lOKA";
			};
			name = Debug;
		};
		8B0F9F3127B866AF00B77B80 /* Release */ = {
			isa = XCBuildConfiguration;
			buildSettings = {
				ALWAYS_EMBED_SWIFT_STANDARD_LIBRARIES = YES;
				BUNDLE_LOADER = "$(TEST_HOST)";
				CODE_SIGN_STYLE = Automatic;
				CURRENT_PROJECT_VERSION = 1;
				GENERATE_INFOPLIST_FILE = YES;
				IPHONEOS_DEPLOYMENT_TARGET = 15.2;
				MARKETING_VERSION = 1.0;
				PRODUCT_BUNDLE_IDENTIFIER = com.hi.lOKATests;
				PRODUCT_NAME = "$(TARGET_NAME)";
				SWIFT_EMIT_LOC_STRINGS = NO;
				SWIFT_VERSION = 5.0;
				TARGETED_DEVICE_FAMILY = "1,2";
				TEST_HOST = "$(BUILT_PRODUCTS_DIR)/lOKA.app/lOKA";
			};
			name = Release;
		};
		8B0F9F3327B866AF00B77B80 /* Debug */ = {
			isa = XCBuildConfiguration;
			buildSettings = {
				ALWAYS_EMBED_SWIFT_STANDARD_LIBRARIES = YES;
				CODE_SIGN_STYLE = Automatic;
				CURRENT_PROJECT_VERSION = 1;
				GENERATE_INFOPLIST_FILE = YES;
				MARKETING_VERSION = 1.0;
				PRODUCT_BUNDLE_IDENTIFIER = com.hi.lOKAUITests;
				PRODUCT_NAME = "$(TARGET_NAME)";
				SWIFT_EMIT_LOC_STRINGS = NO;
				SWIFT_VERSION = 5.0;
				TARGETED_DEVICE_FAMILY = "1,2";
				TEST_TARGET_NAME = lOKA;
			};
			name = Debug;
		};
		8B0F9F3427B866AF00B77B80 /* Release */ = {
			isa = XCBuildConfiguration;
			buildSettings = {
				ALWAYS_EMBED_SWIFT_STANDARD_LIBRARIES = YES;
				CODE_SIGN_STYLE = Automatic;
				CURRENT_PROJECT_VERSION = 1;
				GENERATE_INFOPLIST_FILE = YES;
				MARKETING_VERSION = 1.0;
				PRODUCT_BUNDLE_IDENTIFIER = com.hi.lOKAUITests;
				PRODUCT_NAME = "$(TARGET_NAME)";
				SWIFT_EMIT_LOC_STRINGS = NO;
				SWIFT_VERSION = 5.0;
				TARGETED_DEVICE_FAMILY = "1,2";
				TEST_TARGET_NAME = lOKA;
			};
			name = Release;
		};
/* End XCBuildConfiguration section */

/* Begin XCConfigurationList section */
		8B0F9F0327B866AC00B77B80 /* Build configuration list for PBXProject "lOKA" */ = {
			isa = XCConfigurationList;
			buildConfigurations = (
				8B0F9F2A27B866AF00B77B80 /* Debug */,
				8B0F9F2B27B866AF00B77B80 /* Release */,
			);
			defaultConfigurationIsVisible = 0;
			defaultConfigurationName = Release;
		};
		8B0F9F2C27B866AF00B77B80 /* Build configuration list for PBXNativeTarget "lOKA" */ = {
			isa = XCConfigurationList;
			buildConfigurations = (
				8B0F9F2D27B866AF00B77B80 /* Debug */,
				8B0F9F2E27B866AF00B77B80 /* Release */,
			);
			defaultConfigurationIsVisible = 0;
			defaultConfigurationName = Release;
		};
		8B0F9F2F27B866AF00B77B80 /* Build configuration list for PBXNativeTarget "lOKATests" */ = {
			isa = XCConfigurationList;
			buildConfigurations = (
				8B0F9F3027B866AF00B77B80 /* Debug */,
				8B0F9F3127B866AF00B77B80 /* Release */,
			);
			defaultConfigurationIsVisible = 0;
			defaultConfigurationName = Release;
		};
		8B0F9F3227B866AF00B77B80 /* Build configuration list for PBXNativeTarget "lOKAUITests" */ = {
			isa = XCConfigurationList;
			buildConfigurations = (
				8B0F9F3327B866AF00B77B80 /* Debug */,
				8B0F9F3427B866AF00B77B80 /* Release */,
			);
			defaultConfigurationIsVisible = 0;
			defaultConfigurationName = Release;
		};
/* End XCConfigurationList section */
	};
	rootObject = 8B0F9F0027B866AC00B77B80 /* Project object */;
}
